
Microsoft Visual Studio Solution File, Format Version 12.00
# Visual Studio Version 17
VisualStudioVersion = 17.6.33815.320
MinimumVisualStudioVersion = 10.0.40219.1
Project("{FAE04EC0-301F-11D3-BF4B-00C04F79EFBC}") = "wtReplayDownloader", "wtReplayDownloader\wtReplayDownloader.csproj", "{BC20BF41-5CAD-46BF-A5A4-169C8FE52C8B}"
EndProject
Global
	GlobalSection(SolutionConfigurationPlatforms) = preSolution
		Debug|Any CPU = Debug|Any CPU
		Release|Any CPU = Release|Any CPU
	EndGlobalSection
	GlobalSection(ProjectConfigurationPlatforms) = postSolution
		{BC20BF41-5CAD-46BF-A5A4-169C8FE52C8B}.Debug|Any CPU.ActiveCfg = Debug|Any CPU
		{BC20BF41-5CAD-46BF-A5A4-169C8FE52C8B}.Debug|Any CPU.Build.0 = Debug|Any CPU
		{BC20BF41-5CAD-46BF-A5A4-169C8FE52C8B}.Release|Any CPU.ActiveCfg = Release|Any CPU
		{BC20BF41-5CAD-46BF-A5A4-169C8FE52C8B}.Release|Any CPU.Build.0 = Release|Any CPU
	EndGlobalSection
	GlobalSection(SolutionProperties) = preSolution
		HideSolutionNode = FALSE
	EndGlobalSection
	GlobalSection(ExtensibilityGlobals) = postSolution
		SolutionGuid = {BAD7A283-DE6F-4770-8B00-F71A89CB8C4D}
	EndGlobalSection
EndGlobal
